// !$*UTF8*$!
{
	archiveVersion = 1;
	classes = {
	};
	objectVersion = 50;
	objects = {

/* Begin PBXBuildFile section */
		3E42F8A6219E637D00FC4F75 /* sequence.txt in Sources */ = {isa = PBXBuildFile; fileRef = 3E42F8A5219E637D00FC4F75 /* sequence.txt */; };
		3E42F8A8219E63A000FC4F75 /* matrix.txt in Sources */ = {isa = PBXBuildFile; fileRef = 3E42F8A7219E63A000FC4F75 /* matrix.txt */; };
		3EFF9730219E4C450092DBE4 /* main.cpp in Sources */ = {isa = PBXBuildFile; fileRef = 3EFF972F219E4C450092DBE4 /* main.cpp */; };
		3EFF973D219E4C500092DBE4 /* train.cpp in Sources */ = {isa = PBXBuildFile; fileRef = 3EFF973C219E4C500092DBE4 /* train.cpp */; };
		3EFF9748219E5F5F0092DBE4 /* main.cpp in Sources */ = {isa = PBXBuildFile; fileRef = 3EFF9747219E5F5F0092DBE4 /* main.cpp */; };
		3EFF9753219E5F6A0092DBE4 /* main.cpp in Sources */ = {isa = PBXBuildFile; fileRef = 3EFF9752219E5F6A0092DBE4 /* main.cpp */; };
		3EFF975E219E60FC0092DBE4 /* manager.cpp in Sources */ = {isa = PBXBuildFile; fileRef = 3EFF975D219E60FC0092DBE4 /* manager.cpp */; };
/* End PBXBuildFile section */

/* Begin PBXCopyFilesBuildPhase section */
		3EFF972A219E4C440092DBE4 /* CopyFiles */ = {
			isa = PBXCopyFilesBuildPhase;
			buildActionMask = 2147483647;
			dstPath = /usr/share/man/man1/;
			dstSubfolderSpec = 0;
			files = (
			);
			runOnlyForDeploymentPostprocessing = 1;
		};
		3EFF9738219E4C500092DBE4 /* CopyFiles */ = {
			isa = PBXCopyFilesBuildPhase;
			buildActionMask = 2147483647;
			dstPath = /usr/share/man/man1/;
			dstSubfolderSpec = 0;
			files = (
			);
			runOnlyForDeploymentPostprocessing = 1;
		};
		3EFF9743219E5F5F0092DBE4 /* CopyFiles */ = {
			isa = PBXCopyFilesBuildPhase;
			buildActionMask = 2147483647;
			dstPath = /usr/share/man/man1/;
			dstSubfolderSpec = 0;
			files = (
			);
			runOnlyForDeploymentPostprocessing = 1;
		};
		3EFF974E219E5F6A0092DBE4 /* CopyFiles */ = {
			isa = PBXCopyFilesBuildPhase;
			buildActionMask = 2147483647;
			dstPath = /usr/share/man/man1/;
			dstSubfolderSpec = 0;
			files = (
			);
			runOnlyForDeploymentPostprocessing = 1;
		};
		3EFF9759219E60FC0092DBE4 /* CopyFiles */ = {
			isa = PBXCopyFilesBuildPhase;
			buildActionMask = 2147483647;
			dstPath = /usr/share/man/man1/;
			dstSubfolderSpec = 0;
			files = (
			);
			runOnlyForDeploymentPostprocessing = 1;
		};
/* End PBXCopyFilesBuildPhase section */

/* Begin PBXFileReference section */
		3E42F8A5219E637D00FC4F75 /* sequence.txt */ = {isa = PBXFileReference; lastKnownFileType = text; path = sequence.txt; sourceTree = "<group>"; };
		3E42F8A7219E63A000FC4F75 /* matrix.txt */ = {isa = PBXFileReference; lastKnownFileType = text; path = matrix.txt; sourceTree = "<group>"; };
		3EFF972C219E4C440092DBE4 /* DeadLockDetection */ = {isa = PBXFileReference; explicitFileType = "compiled.mach-o.executable"; includeInIndex = 0; path = DeadLockDetection; sourceTree = BUILT_PRODUCTS_DIR; };
		3EFF972F219E4C450092DBE4 /* main.cpp */ = {isa = PBXFileReference; lastKnownFileType = sourcecode.cpp.cpp; path = main.cpp; sourceTree = "<group>"; };
		3EFF973A219E4C500092DBE4 /* train */ = {isa = PBXFileReference; explicitFileType = "compiled.mach-o.executable"; includeInIndex = 0; path = train; sourceTree = BUILT_PRODUCTS_DIR; };
		3EFF973C219E4C500092DBE4 /* train.cpp */ = {isa = PBXFileReference; lastKnownFileType = sourcecode.cpp.cpp; path = train.cpp; sourceTree = "<group>"; };
		3EFF9745219E5F5F0092DBE4 /* semDemoP */ = {isa = PBXFileReference; explicitFileType = "compiled.mach-o.executable"; includeInIndex = 0; path = semDemoP; sourceTree = BUILT_PRODUCTS_DIR; };
		3EFF9747219E5F5F0092DBE4 /* main.cpp */ = {isa = PBXFileReference; lastKnownFileType = sourcecode.cpp.cpp; path = main.cpp; sourceTree = "<group>"; };
		3EFF9750219E5F6A0092DBE4 /* semDemoC */ = {isa = PBXFileReference; explicitFileType = "compiled.mach-o.executable"; includeInIndex = 0; path = semDemoC; sourceTree = BUILT_PRODUCTS_DIR; };
		3EFF9752219E5F6A0092DBE4 /* main.cpp */ = {isa = PBXFileReference; lastKnownFileType = sourcecode.cpp.cpp; path = main.cpp; sourceTree = "<group>"; };
		3EFF975B219E60FC0092DBE4 /* manager */ = {isa = PBXFileReference; explicitFileType = "compiled.mach-o.executable"; includeInIndex = 0; path = manager; sourceTree = BUILT_PRODUCTS_DIR; };
		3EFF975D219E60FC0092DBE4 /* manager.cpp */ = {isa = PBXFileReference; lastKnownFileType = sourcecode.cpp.cpp; path = manager.cpp; sourceTree = "<group>"; };
/* End PBXFileReference section */

/* Begin PBXFrameworksBuildPhase section */
		3EFF9729219E4C440092DBE4 /* Frameworks */ = {
			isa = PBXFrameworksBuildPhase;
			buildActionMask = 2147483647;
			files = (
			);
			runOnlyForDeploymentPostprocessing = 0;
		};
		3EFF9737219E4C500092DBE4 /* Frameworks */ = {
			isa = PBXFrameworksBuildPhase;
			buildActionMask = 2147483647;
			files = (
			);
			runOnlyForDeploymentPostprocessing = 0;
		};
		3EFF9742219E5F5F0092DBE4 /* Frameworks */ = {
			isa = PBXFrameworksBuildPhase;
			buildActionMask = 2147483647;
			files = (
			);
			runOnlyForDeploymentPostprocessing = 0;
		};
		3EFF974D219E5F6A0092DBE4 /* Frameworks */ = {
			isa = PBXFrameworksBuildPhase;
			buildActionMask = 2147483647;
			files = (
			);
			runOnlyForDeploymentPostprocessing = 0;
		};
		3EFF9758219E60FC0092DBE4 /* Frameworks */ = {
			isa = PBXFrameworksBuildPhase;
			buildActionMask = 2147483647;
			files = (
			);
			runOnlyForDeploymentPostprocessing = 0;
		};
/* End PBXFrameworksBuildPhase section */

/* Begin PBXGroup section */
		3EFF9723219E4C440092DBE4 = {
			isa = PBXGroup;
			children = (
				3EFF972E219E4C440092DBE4 /* DeadLockDetection */,
				3EFF975C219E60FC0092DBE4 /* manager */,
				3EFF973B219E4C500092DBE4 /* train */,
				3EFF9746219E5F5F0092DBE4 /* semDemoP */,
				3EFF9751219E5F6A0092DBE4 /* semDemoC */,
				3EFF972D219E4C440092DBE4 /* Products */,
			);
			sourceTree = "<group>";
		};
		3EFF972D219E4C440092DBE4 /* Products */ = {
			isa = PBXGroup;
			children = (
				3EFF972C219E4C440092DBE4 /* DeadLockDetection */,
				3EFF973A219E4C500092DBE4 /* train */,
				3EFF9745219E5F5F0092DBE4 /* semDemoP */,
				3EFF9750219E5F6A0092DBE4 /* semDemoC */,
				3EFF975B219E60FC0092DBE4 /* manager */,
			);
			name = Products;
			sourceTree = "<group>";
		};
		3EFF972E219E4C440092DBE4 /* DeadLockDetection */ = {
			isa = PBXGroup;
			children = (
				3EFF972F219E4C450092DBE4 /* main.cpp */,
			);
			path = DeadLockDetection;
			sourceTree = "<group>";
		};
		3EFF973B219E4C500092DBE4 /* train */ = {
			isa = PBXGroup;
			children = (
				3EFF973C219E4C500092DBE4 /* train.cpp */,
			);
			path = train;
			sourceTree = "<group>";
		};
		3EFF9746219E5F5F0092DBE4 /* semDemoP */ = {
			isa = PBXGroup;
			children = (
				3EFF9747219E5F5F0092DBE4 /* main.cpp */,
			);
			path = semDemoP;
			sourceTree = "<group>";
		};
		3EFF9751219E5F6A0092DBE4 /* semDemoC */ = {
			isa = PBXGroup;
			children = (
				3EFF9752219E5F6A0092DBE4 /* main.cpp */,
			);
			path = semDemoC;
			sourceTree = "<group>";
		};
		3EFF975C219E60FC0092DBE4 /* manager */ = {
			isa = PBXGroup;
			children = (
				3EFF975D219E60FC0092DBE4 /* manager.cpp */,
				3E42F8A5219E637D00FC4F75 /* sequence.txt */,
				3E42F8A7219E63A000FC4F75 /* matrix.txt */,
			);
			path = manager;
			sourceTree = "<group>";
		};
/* End PBXGroup section */

/* Begin PBXNativeTarget section */
		3EFF972B219E4C440092DBE4 /* DeadLockDetection */ = {
			isa = PBXNativeTarget;
			buildConfigurationList = 3EFF9733219E4C450092DBE4 /* Build configuration list for PBXNativeTarget "DeadLockDetection" */;
			buildPhases = (
				3EFF9728219E4C440092DBE4 /* Sources */,
				3EFF9729219E4C440092DBE4 /* Frameworks */,
				3EFF972A219E4C440092DBE4 /* CopyFiles */,
			);
			buildRules = (
			);
			dependencies = (
			);
			name = DeadLockDetection;
			productName = DeadLockDetection;
			productReference = 3EFF972C219E4C440092DBE4 /* DeadLockDetection */;
			productType = "com.apple.product-type.tool";
		};
		3EFF9739219E4C500092DBE4 /* train */ = {
			isa = PBXNativeTarget;
			buildConfigurationList = 3EFF973E219E4C500092DBE4 /* Build configuration list for PBXNativeTarget "train" */;
			buildPhases = (
				3EFF9736219E4C500092DBE4 /* Sources */,
				3EFF9737219E4C500092DBE4 /* Frameworks */,
				3EFF9738219E4C500092DBE4 /* CopyFiles */,
			);
			buildRules = (
			);
			dependencies = (
			);
			name = train;
			productName = train;
			productReference = 3EFF973A219E4C500092DBE4 /* train */;
			productType = "com.apple.product-type.tool";
		};
		3EFF9744219E5F5F0092DBE4 /* semDemoP */ = {
			isa = PBXNativeTarget;
			buildConfigurationList = 3EFF9749219E5F5F0092DBE4 /* Build configuration list for PBXNativeTarget "semDemoP" */;
			buildPhases = (
				3EFF9741219E5F5F0092DBE4 /* Sources */,
				3EFF9742219E5F5F0092DBE4 /* Frameworks */,
				3EFF9743219E5F5F0092DBE4 /* CopyFiles */,
			);
			buildRules = (
			);
			dependencies = (
			);
			name = semDemoP;
			productName = semDemoP;
			productReference = 3EFF9745219E5F5F0092DBE4 /* semDemoP */;
			productType = "com.apple.product-type.tool";
		};
		3EFF974F219E5F6A0092DBE4 /* semDemoC */ = {
			isa = PBXNativeTarget;
			buildConfigurationList = 3EFF9754219E5F6A0092DBE4 /* Build configuration list for PBXNativeTarget "semDemoC" */;
			buildPhases = (
				3EFF974C219E5F6A0092DBE4 /* Sources */,
				3EFF974D219E5F6A0092DBE4 /* Frameworks */,
				3EFF974E219E5F6A0092DBE4 /* CopyFiles */,
			);
			buildRules = (
			);
			dependencies = (
			);
			name = semDemoC;
			productName = semDemoC;
			productReference = 3EFF9750219E5F6A0092DBE4 /* semDemoC */;
			productType = "com.apple.product-type.tool";
		};
		3EFF975A219E60FC0092DBE4 /* manager */ = {
			isa = PBXNativeTarget;
			buildConfigurationList = 3EFF975F219E60FC0092DBE4 /* Build configuration list for PBXNativeTarget "manager" */;
			buildPhases = (
				3EFF9757219E60FC0092DBE4 /* Sources */,
				3EFF9758219E60FC0092DBE4 /* Frameworks */,
				3EFF9759219E60FC0092DBE4 /* CopyFiles */,
			);
			buildRules = (
			);
			dependencies = (
			);
			name = manager;
			productName = manager;
			productReference = 3EFF975B219E60FC0092DBE4 /* manager */;
			productType = "com.apple.product-type.tool";
		};
/* End PBXNativeTarget section */

/* Begin PBXProject section */
		3EFF9724219E4C440092DBE4 /* Project object */ = {
			isa = PBXProject;
			attributes = {
				LastUpgradeCheck = 1010;
				ORGANIZATIONNAME = WillJia;
				TargetAttributes = {
					3EFF972B219E4C440092DBE4 = {
						CreatedOnToolsVersion = 10.1;
					};
					3EFF9739219E4C500092DBE4 = {
						CreatedOnToolsVersion = 10.1;
					};
					3EFF9744219E5F5F0092DBE4 = {
						CreatedOnToolsVersion = 10.1;
					};
					3EFF974F219E5F6A0092DBE4 = {
						CreatedOnToolsVersion = 10.1;
					};
					3EFF975A219E60FC0092DBE4 = {
						CreatedOnToolsVersion = 10.1;
					};
				};
			};
			buildConfigurationList = 3EFF9727219E4C440092DBE4 /* Build configuration list for PBXProject "DeadLockDetection" */;
			compatibilityVersion = "Xcode 9.3";
			developmentRegion = en;
			hasScannedForEncodings = 0;
			knownRegions = (
				en,
			);
			mainGroup = 3EFF9723219E4C440092DBE4;
			productRefGroup = 3EFF972D219E4C440092DBE4 /* Products */;
			projectDirPath = "";
			projectRoot = "";
			targets = (
				3EFF972B219E4C440092DBE4 /* DeadLockDetection */,
				3EFF9739219E4C500092DBE4 /* train */,
				3EFF9744219E5F5F0092DBE4 /* semDemoP */,
				3EFF974F219E5F6A0092DBE4 /* semDemoC */,
				3EFF975A219E60FC0092DBE4 /* manager */,
			);
		};
/* End PBXProject section */

/* Begin PBXSourcesBuildPhase section */
		3EFF9728219E4C440092DBE4 /* Sources */ = {
			isa = PBXSourcesBuildPhase;
			buildActionMask = 2147483647;
			files = (
				3EFF9730219E4C450092DBE4 /* main.cpp in Sources */,
			);
			runOnlyForDeploymentPostprocessing = 0;
		};
		3EFF9736219E4C500092DBE4 /* Sources */ = {
			isa = PBXSourcesBuildPhase;
			buildActionMask = 2147483647;
			files = (
				3EFF973D219E4C500092DBE4 /* train.cpp in Sources */,
			);
			runOnlyForDeploymentPostprocessing = 0;
		};
		3EFF9741219E5F5F0092DBE4 /* Sources */ = {
			isa = PBXSourcesBuildPhase;
			buildActionMask = 2147483647;
			files = (
				3EFF9748219E5F5F0092DBE4 /* main.cpp in Sources */,
			);
			runOnlyForDeploymentPostprocessing = 0;
		};
		3EFF974C219E5F6A0092DBE4 /* Sources */ = {
			isa = PBXSourcesBuildPhase;
			buildActionMask = 2147483647;
			files = (
				3EFF9753219E5F6A0092DBE4 /* main.cpp in Sources */,
			);
			runOnlyForDeploymentPostprocessing = 0;
		};
		3EFF9757219E60FC0092DBE4 /* Sources */ = {
			isa = PBXSourcesBuildPhase;
			buildActionMask = 2147483647;
			files = (
				3E42F8A6219E637D00FC4F75 /* sequence.txt in Sources */,
				3EFF975E219E60FC0092DBE4 /* manager.cpp in Sources */,
				3E42F8A8219E63A000FC4F75 /* matrix.txt in Sources */,
			);
			runOnlyForDeploymentPostprocessing = 0;
		};
/* End PBXSourcesBuildPhase section */

/* Begin XCBuildConfiguration section */
		3EFF9731219E4C450092DBE4 /* Debug */ = {
			isa = XCBuildConfiguration;
			buildSettings = {
				ALWAYS_SEARCH_USER_PATHS = NO;
				CLANG_ANALYZER_NONNULL = YES;
				CLANG_ANALYZER_NUMBER_OBJECT_CONVERSION = YES_AGGRESSIVE;
				CLANG_CXX_LANGUAGE_STANDARD = "gnu++14";
				CLANG_CXX_LIBRARY = "libc++";
				CLANG_ENABLE_MODULES = YES;
				CLANG_ENABLE_OBJC_ARC = YES;
				CLANG_ENABLE_OBJC_WEAK = YES;
				CLANG_WARN_BLOCK_CAPTURE_AUTORELEASING = YES;
				CLANG_WARN_BOOL_CONVERSION = YES;
				CLANG_WARN_COMMA = YES;
				CLANG_WARN_CONSTANT_CONVERSION = YES;
				CLANG_WARN_DEPRECATED_OBJC_IMPLEMENTATIONS = YES;
				CLANG_WARN_DIRECT_OBJC_ISA_USAGE = YES_ERROR;
				CLANG_WARN_DOCUMENTATION_COMMENTS = YES;
				CLANG_WARN_EMPTY_BODY = YES;
				CLANG_WARN_ENUM_CONVERSION = YES;
				CLANG_WARN_INFINITE_RECURSION = YES;
				CLANG_WARN_INT_CONVERSION = YES;
				CLANG_WARN_NON_LITERAL_NULL_CONVERSION = YES;
				CLANG_WARN_OBJC_IMPLICIT_RETAIN_SELF = YES;
				CLANG_WARN_OBJC_LITERAL_CONVERSION = YES;
				CLANG_WARN_OBJC_ROOT_CLASS = YES_ERROR;
				CLANG_WARN_RANGE_LOOP_ANALYSIS = YES;
				CLANG_WARN_STRICT_PROTOTYPES = YES;
				CLANG_WARN_SUSPICIOUS_MOVE = YES;
				CLANG_WARN_UNGUARDED_AVAILABILITY = YES_AGGRESSIVE;
				CLANG_WARN_UNREACHABLE_CODE = YES;
				CLANG_WARN__DUPLICATE_METHOD_MATCH = YES;
				CODE_SIGN_IDENTITY = "Mac Developer";
				COPY_PHASE_STRIP = NO;
				DEBUG_INFORMATION_FORMAT = dwarf;
				ENABLE_STRICT_OBJC_MSGSEND = YES;
				ENABLE_TESTABILITY = YES;
				GCC_C_LANGUAGE_STANDARD = gnu11;
				GCC_DYNAMIC_NO_PIC = NO;
				GCC_NO_COMMON_BLOCKS = YES;
				GCC_OPTIMIZATION_LEVEL = 0;
				GCC_PREPROCESSOR_DEFINITIONS = (
					"DEBUG=1",
					"$(inherited)",
				);
				GCC_WARN_64_TO_32_BIT_CONVERSION = YES;
				GCC_WARN_ABOUT_RETURN_TYPE = YES_ERROR;
				GCC_WARN_UNDECLARED_SELECTOR = YES;
				GCC_WARN_UNINITIALIZED_AUTOS = YES_AGGRESSIVE;
				GCC_WARN_UNUSED_FUNCTION = YES;
				GCC_WARN_UNUSED_VARIABLE = YES;
				MACOSX_DEPLOYMENT_TARGET = 10.14;
				MTL_ENABLE_DEBUG_INFO = INCLUDE_SOURCE;
				MTL_FAST_MATH = YES;
				ONLY_ACTIVE_ARCH = YES;
				SDKROOT = macosx;
			};
			name = Debug;
		};
		3EFF9732219E4C450092DBE4 /* Release */ = {
			isa = XCBuildConfiguration;
			buildSettings = {
				ALWAYS_SEARCH_USER_PATHS = NO;
				CLANG_ANALYZER_NONNULL = YES;
				CLANG_ANALYZER_NUMBER_OBJECT_CONVERSION = YES_AGGRESSIVE;
				CLANG_CXX_LANGUAGE_STANDARD = "gnu++14";
				CLANG_CXX_LIBRARY = "libc++";
				CLANG_ENABLE_MODULES = YES;
				CLANG_ENABLE_OBJC_ARC = YES;
				CLANG_ENABLE_OBJC_WEAK = YES;
				CLANG_WARN_BLOCK_CAPTURE_AUTORELEASING = YES;
				CLANG_WARN_BOOL_CONVERSION = YES;
				CLANG_WARN_COMMA = YES;
				CLANG_WARN_CONSTANT_CONVERSION = YES;
				CLANG_WARN_DEPRECATED_OBJC_IMPLEMENTATIONS = YES;
				CLANG_WARN_DIRECT_OBJC_ISA_USAGE = YES_ERROR;
				CLANG_WARN_DOCUMENTATION_COMMENTS = YES;
				CLANG_WARN_EMPTY_BODY = YES;
				CLANG_WARN_ENUM_CONVERSION = YES;
				CLANG_WARN_INFINITE_RECURSION = YES;
				CLANG_WARN_INT_CONVERSION = YES;
				CLANG_WARN_NON_LITERAL_NULL_CONVERSION = YES;
				CLANG_WARN_OBJC_IMPLICIT_RETAIN_SELF = YES;
				CLANG_WARN_OBJC_LITERAL_CONVERSION = YES;
				CLANG_WARN_OBJC_ROOT_CLASS = YES_ERROR;
				CLANG_WARN_RANGE_LOOP_ANALYSIS = YES;
				CLANG_WARN_STRICT_PROTOTYPES = YES;
				CLANG_WARN_SUSPICIOUS_MOVE = YES;
				CLANG_WARN_UNGUARDED_AVAILABILITY = YES_AGGRESSIVE;
				CLANG_WARN_UNREACHABLE_CODE = YES;
				CLANG_WARN__DUPLICATE_METHOD_MATCH = YES;
				CODE_SIGN_IDENTITY = "Mac Developer";
				COPY_PHASE_STRIP = NO;
				DEBUG_INFORMATION_FORMAT = "dwarf-with-dsym";
				ENABLE_NS_ASSERTIONS = NO;
				ENABLE_STRICT_OBJC_MSGSEND = YES;
				GCC_C_LANGUAGE_STANDARD = gnu11;
				GCC_NO_COMMON_BLOCKS = YES;
				GCC_WARN_64_TO_32_BIT_CONVERSION = YES;
				GCC_WARN_ABOUT_RETURN_TYPE = YES_ERROR;
				GCC_WARN_UNDECLARED_SELECTOR = YES;
				GCC_WARN_UNINITIALIZED_AUTOS = YES_AGGRESSIVE;
				GCC_WARN_UNUSED_FUNCTION = YES;
				GCC_WARN_UNUSED_VARIABLE = YES;
				MACOSX_DEPLOYMENT_TARGET = 10.14;
				MTL_ENABLE_DEBUG_INFO = NO;
				MTL_FAST_MATH = YES;
				SDKROOT = macosx;
			};
			name = Release;
		};
		3EFF9734219E4C450092DBE4 /* Debug */ = {
			isa = XCBuildConfiguration;
			buildSettings = {
				CODE_SIGN_STYLE = Automatic;
				DEVELOPMENT_TEAM = YF88RW88TG;
				PRODUCT_NAME = "$(TARGET_NAME)";
			};
			name = Debug;
		};
		3EFF9735219E4C450092DBE4 /* Release */ = {
			isa = XCBuildConfiguration;
			buildSettings = {
				CODE_SIGN_STYLE = Automatic;
				DEVELOPMENT_TEAM = YF88RW88TG;
				PRODUCT_NAME = "$(TARGET_NAME)";
			};
			name = Release;
		};
		3EFF973F219E4C500092DBE4 /* Debug */ = {
			isa = XCBuildConfiguration;
			buildSettings = {
				CODE_SIGN_STYLE = Automatic;
				DEVELOPMENT_TEAM = YF88RW88TG;
				PRODUCT_NAME = "$(TARGET_NAME)";
			};
			name = Debug;
		};
		3EFF9740219E4C500092DBE4 /* Release */ = {
			isa = XCBuildConfiguration;
			buildSettings = {
				CODE_SIGN_STYLE = Automatic;
				DEVELOPMENT_TEAM = YF88RW88TG;
				PRODUCT_NAME = "$(TARGET_NAME)";
			};
			name = Release;
		};
		3EFF974A219E5F5F0092DBE4 /* Debug */ = {
			isa = XCBuildConfiguration;
			buildSettings = {
				CODE_SIGN_STYLE = Automatic;
				DEVELOPMENT_TEAM = YF88RW88TG;
				PRODUCT_NAME = "$(TARGET_NAME)";
			};
			name = Debug;
		};
		3EFF974B219E5F5F0092DBE4 /* Release */ = {
			isa = XCBuildConfiguration;
			buildSettings = {
				CODE_SIGN_STYLE = Automatic;
				DEVELOPMENT_TEAM = YF88RW88TG;
				PRODUCT_NAME = "$(TARGET_NAME)";
			};
			name = Release;
		};
		3EFF9755219E5F6A0092DBE4 /* Debug */ = {
			isa = XCBuildConfiguration;
			buildSettings = {
				CODE_SIGN_STYLE = Automatic;
				DEVELOPMENT_TEAM = YF88RW88TG;
				PRODUCT_NAME = "$(TARGET_NAME)";
			};
			name = Debug;
		};
		3EFF9756219E5F6A0092DBE4 /* Release */ = {
			isa = XCBuildConfiguration;
			buildSettings = {
				CODE_SIGN_STYLE = Automatic;
				DEVELOPMENT_TEAM = YF88RW88TG;
				PRODUCT_NAME = "$(TARGET_NAME)";
			};
			name = Release;
		};
		3EFF9760219E60FC0092DBE4 /* Debug */ = {
			isa = XCBuildConfiguration;
			buildSettings = {
				CODE_SIGN_STYLE = Automatic;
				DEVELOPMENT_TEAM = YF88RW88TG;
				PRODUCT_NAME = "$(TARGET_NAME)";
			};
			name = Debug;
		};
		3EFF9761219E60FC0092DBE4 /* Release */ = {
			isa = XCBuildConfiguration;
			buildSettings = {
				CODE_SIGN_STYLE = Automatic;
				DEVELOPMENT_TEAM = YF88RW88TG;
				PRODUCT_NAME = "$(TARGET_NAME)";
			};
			name = Release;
		};
/* End XCBuildConfiguration section */

/* Begin XCConfigurationList section */
		3EFF9727219E4C440092DBE4 /* Build configuration list for PBXProject "DeadLockDetection" */ = {
			isa = XCConfigurationList;
			buildConfigurations = (
				3EFF9731219E4C450092DBE4 /* Debug */,
				3EFF9732219E4C450092DBE4 /* Release */,
			);
			defaultConfigurationIsVisible = 0;
			defaultConfigurationName = Release;
		};
		3EFF9733219E4C450092DBE4 /* Build configuration list for PBXNativeTarget "DeadLockDetection" */ = {
			isa = XCConfigurationList;
			buildConfigurations = (
				3EFF9734219E4C450092DBE4 /* Debug */,
				3EFF9735219E4C450092DBE4 /* Release */,
			);
			defaultConfigurationIsVisible = 0;
			defaultConfigurationName = Release;
		};
		3EFF973E219E4C500092DBE4 /* Build configuration list for PBXNativeTarget "train" */ = {
			isa = XCConfigurationList;
			buildConfigurations = (
				3EFF973F219E4C500092DBE4 /* Debug */,
				3EFF9740219E4C500092DBE4 /* Release */,
			);
			defaultConfigurationIsVisible = 0;
			defaultConfigurationName = Release;
		};
		3EFF9749219E5F5F0092DBE4 /* Build configuration list for PBXNativeTarget "semDemoP" */ = {
			isa = XCConfigurationList;
			buildConfigurations = (
				3EFF974A219E5F5F0092DBE4 /* Debug */,
				3EFF974B219E5F5F0092DBE4 /* Release */,
			);
			defaultConfigurationIsVisible = 0;
			defaultConfigurationName = Release;
		};
		3EFF9754219E5F6A0092DBE4 /* Build configuration list for PBXNativeTarget "semDemoC" */ = {
			isa = XCConfigurationList;
			buildConfigurations = (
				3EFF9755219E5F6A0092DBE4 /* Debug */,
				3EFF9756219E5F6A0092DBE4 /* Release */,
			);
			defaultConfigurationIsVisible = 0;
			defaultConfigurationName = Release;
		};
		3EFF975F219E60FC0092DBE4 /* Build configuration list for PBXNativeTarget "manager" */ = {
			isa = XCConfigurationList;
			buildConfigurations = (
				3EFF9760219E60FC0092DBE4 /* Debug */,
				3EFF9761219E60FC0092DBE4 /* Release */,
			);
			defaultConfigurationIsVisible = 0;
			defaultConfigurationName = Release;
		};
/* End XCConfigurationList section */
	};
	rootObject = 3EFF9724219E4C440092DBE4 /* Project object */;
}
